{
  "nodes": {
    "emacs": {
      "inputs": {
        "emacs-overlay": "emacs-overlay",
        "fixups": [
          "fixups"
        ],
        "init-leafs": "init-leafs",
        "nixpkgs": [
          "nixpkgs"
        ],
        "nodejs": [
          "nodejs"
        ],
        "rnix-lsp": "rnix-lsp",
        "rust": [
          "rust"
        ]
      },
      "locked": {
        "lastModified": 1673462331,
        "narHash": "sha256-C2Ad9OU2dUA6AkZfCqtuKnGg8Gc03JvZZeELu0sSWfA=",
        "owner": "calbrecht",
        "repo": "f4s-emacs",
        "rev": "b52f7be147c2faf755f832cbd7e3c1d3a16600d6",
        "type": "github"
      },
      "original": {
        "id": "f4s-emacs",
        "type": "indirect"
      }
    },
    "emacs-overlay": {
      "inputs": {
        "flake-utils": "flake-utils",
        "nixpkgs": [
          "emacs",
          "nixpkgs"
        ]
      },
      "locked": {
        "lastModified": 1673433023,
        "narHash": "sha256-wF5qhT3UvGk1Ouog+wEvm21oeD6rvzXg+/wcfPJq0BI=",
        "owner": "nix-community",
        "repo": "emacs-overlay",
        "rev": "d85438fe16bfef13004bc90a50661d0c74252970",
        "type": "github"
      },
      "original": {
        "owner": "nix-community",
        "repo": "emacs-overlay",
        "type": "github"
      }
    },
    "firefox-nightly": {
      "inputs": {
        "gecko-dev": "gecko-dev",
        "nixpkgs": [
          "nixpkgs"
        ],
        "nspr-dev": "nspr-dev",
        "nss-dev": "nss-dev"
      },
      "locked": {
        "lastModified": 1673350804,
        "narHash": "sha256-BhRs9zGSXME0TxK54vyyQtiJQfRSgrrySJvaX+3lPDQ=",
        "owner": "calbrecht",
        "repo": "f4s-firefox-nightly",
        "rev": "166d477fa7e87be8856dd0e679d876b5d943019a",
        "type": "github"
      },
      "original": {
        "id": "f4s-firefox-nightly",
        "type": "indirect"
      }
    },
    "fixups": {
      "inputs": {
        "nixpkgs": [
          "nixpkgs"
        ]
      },
      "locked": {
        "lastModified": 1673462274,
        "narHash": "sha256-vjeUN02uTrp2urKwJffJprqG+aj7VeEAkfw1yBcUowc=",
        "owner": "calbrecht",
        "repo": "f4s-fixups",
        "rev": "06ae5050457c5b749dbb3022fb51ecc56c386046",
        "type": "github"
      },
      "original": {
        "id": "f4s-fixups",
        "type": "indirect"
      }
    },
    "flake-compat": {
      "flake": false,
      "locked": {
        "lastModified": 1668681692,
        "narHash": "sha256-Ht91NGdewz8IQLtWZ9LCeNXMSXHUss+9COoqu6JLmXU=",
        "owner": "edolstra",
        "repo": "flake-compat",
        "rev": "009399224d5e398d03b22badca40a37ac85412a1",
        "type": "github"
      },
      "original": {
        "owner": "edolstra",
        "repo": "flake-compat",
        "type": "github"
      }
    },
    "flake-parts": {
      "inputs": {
        "nixpkgs-lib": [
          "wayland",
          "nix-eval-jobs",
          "nixpkgs"
        ]
      },
      "locked": {
        "lastModified": 1673047662,
        "narHash": "sha256-dXYxH/0Ea5oQSkGAWWNy7HzmFutguycDGn2dt6lTYRQ=",
        "owner": "hercules-ci",
        "repo": "flake-parts",
        "rev": "aa1f6ca773b6e740037ebfb35f7010e0c3960638",
        "type": "github"
      },
      "original": {
        "owner": "hercules-ci",
        "repo": "flake-parts",
        "type": "github"
      }
    },
    "flake-utils": {
      "locked": {
        "lastModified": 1667395993,
        "narHash": "sha256-nuEHfE/LcWyuSWnS8t12N1wc105Qtau+/OdUAjtQ0rA=",
        "owner": "numtide",
        "repo": "flake-utils",
        "rev": "5aed5285a952e0b949eb3ba02c12fa4fcfef535f",
        "type": "github"
      },
      "original": {
        "owner": "numtide",
        "repo": "flake-utils",
        "type": "github"
      }
    },
    "flake-utils_2": {
      "locked": {
        "lastModified": 1667395993,
        "narHash": "sha256-nuEHfE/LcWyuSWnS8t12N1wc105Qtau+/OdUAjtQ0rA=",
        "owner": "numtide",
        "repo": "flake-utils",
        "rev": "5aed5285a952e0b949eb3ba02c12fa4fcfef535f",
        "type": "github"
      },
      "original": {
        "owner": "numtide",
        "repo": "flake-utils",
        "type": "github"
      }
    },
    "gecko-dev": {
      "flake": false,
      "locked": {
        "lastModified": 1643847751,
        "narHash": "sha256-/g+/YVcueme5uHZoQ5BB9owqR18pyrCUmE7EV3WUi0E=",
        "owner": "mozilla",
        "repo": "gecko-dev",
        "rev": "f837285619240f496ced176161851c97be8f2eb5",
        "type": "github"
      },
      "original": {
        "owner": "mozilla",
        "repo": "gecko-dev",
        "rev": "f837285619240f496ced176161851c97be8f2eb5",
        "type": "github"
      }
    },
    "global-cursor-theme": {
      "locked": {
        "lastModified": 1652015610,
        "narHash": "sha256-weS3QNB9WWTUXmfgLBbuUyQrsiH2IsMXYIFvAx/4NkY=",
        "owner": "calbrecht",
        "repo": "f4s-global-cursor-theme",
        "rev": "ddc72aecaa7327be9a4b9bee743495aa95c9c987",
        "type": "github"
      },
      "original": {
        "id": "f4s-global-cursor-theme",
        "type": "indirect"
      }
    },
    "init-leafs": {
      "flake": false,
      "locked": {
        "lastModified": 1659076695,
        "narHash": "sha256-fK2xDsu1GC7PYlVQ8nPMnkZ+dGewVxJrAL8cy1XCioQ=",
        "path": "/home/alab/.emacs.i/init-leafs.el",
        "type": "path"
      },
      "original": {
        "path": "/home/alab/.emacs.i/init-leafs.el",
        "type": "path"
      }
    },
    "lib-aggregate": {
      "inputs": {
        "flake-utils": "flake-utils_2",
        "nixpkgs-lib": "nixpkgs-lib"
      },
      "locked": {
        "lastModified": 1673179716,
        "narHash": "sha256-nW+mwtAlEddI20ODyheHzDARROn3Hv0UmXx4gU0KCbw=",
        "owner": "nix-community",
        "repo": "lib-aggregate",
        "rev": "737b962c5fb6150d11f88a247016df72df8d23d9",
        "type": "github"
      },
      "original": {
        "owner": "nix-community",
        "repo": "lib-aggregate",
        "type": "github"
      }
    },
    "naersk": {
      "inputs": {
        "nixpkgs": [
          "emacs",
          "rnix-lsp",
          "nixpkgs"
        ]
      },
      "locked": {
        "lastModified": 1655042882,
        "narHash": "sha256-9BX8Fuez5YJlN7cdPO63InoyBy7dm3VlJkkmTt6fS1A=",
        "owner": "nix-community",
        "repo": "naersk",
        "rev": "cddffb5aa211f50c4b8750adbec0bbbdfb26bb9f",
        "type": "github"
      },
      "original": {
        "owner": "nix-community",
        "repo": "naersk",
        "type": "github"
      }
    },
    "nix-eval-jobs": {
      "inputs": {
        "flake-parts": "flake-parts",
        "nixpkgs": [
          "wayland",
          "nixpkgs"
        ]
      },
      "locked": {
        "lastModified": 1673227333,
        "narHash": "sha256-z24lgjWp0eVtAX6Ds1rM7gVfvghciNXj5IlQZQm5Fto=",
        "owner": "nix-community",
        "repo": "nix-eval-jobs",
        "rev": "8124ed466c3a8727875cef773aaa8df0b01e1cdd",
        "type": "github"
      },
      "original": {
        "owner": "nix-community",
        "repo": "nix-eval-jobs",
        "type": "github"
      }
    },
    "nixpkgs": {
      "locked": {
        "lastModified": 1673462183,
        "narHash": "sha256-ZMN2zEqr9i4xi8a33xAP8K3Txq7h4hqEIIfnaItrqZA=",
        "owner": "nixos",
        "repo": "nixpkgs",
        "rev": "8e0e5f43f1657088d39896422785535f93cce9fa",
        "type": "github"
      },
      "original": {
        "id": "nixpkgs",
        "type": "indirect"
      }
    },
    "nixpkgs-lib": {
      "locked": {
        "lastModified": 1673139014,
        "narHash": "sha256-wWtN1TjfsRbI2AYRP4RPcEKv3HVgy6lCCLg0Lyhlxbc=",
        "owner": "nix-community",
        "repo": "nixpkgs.lib",
        "rev": "080b7eb536d3baf70796dcc20abe4ee90618ca3c",
        "type": "github"
      },
      "original": {
        "owner": "nix-community",
        "repo": "nixpkgs.lib",
        "type": "github"
      }
    },
    "nixpkgs-mozilla": {
      "flake": false,
      "locked": {
        "lastModified": 1672878308,
        "narHash": "sha256-0+fl6PHokhtSV+w58z2QD2rTf8QhcOGsT9o4LwHHZHE=",
        "owner": "mozilla",
        "repo": "nixpkgs-mozilla",
        "rev": "d38863db88e100866b3e494a651ee4962b762fcc",
        "type": "github"
      },
      "original": {
        "owner": "mozilla",
        "repo": "nixpkgs-mozilla",
        "type": "github"
      }
    },
    "nodejs": {
      "inputs": {
        "nixpkgs": [
          "nixpkgs"
        ],
        "pkgs-src": "pkgs-src"
      },
      "locked": {
        "lastModified": 1673462286,
        "narHash": "sha256-IbdMON0WWVesxk2ibfC+UBou3G++9ZMF+HgSZn+Nbrc=",
        "owner": "calbrecht",
        "repo": "f4s-nodejs",
        "rev": "34655de51ffa32a26ff30e2c528fd7c60add5ed4",
        "type": "github"
      },
      "original": {
        "id": "f4s-nodejs",
        "type": "indirect"
      }
    },
    "nspr-dev": {
      "inputs": {
        "nixpkgs": [
          "firefox-nightly",
          "nixpkgs"
        ],
        "nspr-dev-src": "nspr-dev-src"
      },
      "locked": {
        "lastModified": 1645267535,
        "narHash": "sha256-b/a97mevsYbsxf0eJLex3mRJ4xIm2zERPDzsyVt+ECM=",
        "owner": "calbrecht",
        "repo": "f4s-nspr",
        "rev": "0a7cfc53fe9c3bfe4490c48ef8d14f6ff4a01d05",
        "type": "github"
      },
      "original": {
        "id": "f4s-nspr",
        "type": "indirect"
      }
    },
    "nspr-dev-src": {
      "flake": false,
      "locked": {
        "narHash": "sha256-pl+JYhaIMxFG7Lpe2yaLhihczNwZG0fU8W/Ita6ZQDg=",
        "type": "tarball",
        "url": "https://hg.mozilla.org/projects/nspr/archive/NSPR_4_32_RTM.zip"
      },
      "original": {
        "type": "tarball",
        "url": "https://hg.mozilla.org/projects/nspr/archive/NSPR_4_32_RTM.zip"
      }
    },
    "nss-dev": {
      "inputs": {
        "nixpkgs": [
          "firefox-nightly",
          "nixpkgs"
        ],
        "nss-dev-src": "nss-dev-src"
      },
      "locked": {
        "lastModified": 1645267550,
        "narHash": "sha256-Bm5SKcX9CEPBY5UGh7XywQsqG0YZw++lOZizF8AvasI=",
        "owner": "calbrecht",
        "repo": "f4s-nss",
        "rev": "a90415a9b366e15733858077727b626c992e6390",
        "type": "github"
      },
      "original": {
        "id": "f4s-nss",
        "type": "indirect"
      }
    },
    "nss-dev-src": {
      "flake": false,
      "locked": {
        "lastModified": 1634569972,
        "narHash": "sha256-WnUslakuCWD98ftuLkICHnjQtxbl+zZjXhOXLbuxQaA=",
        "owner": "nss-dev",
        "repo": "nss",
        "rev": "cea7654c90aaed1d1e29f735ce765974c08898df",
        "type": "github"
      },
      "original": {
        "owner": "nss-dev",
        "repo": "nss",
        "rev": "cea7654c90aaed1d1e29f735ce765974c08898df",
        "type": "github"
      }
    },
    "pkgs-src": {
      "flake": false,
      "locked": {
        "dir": "pkgs",
        "lastModified": 1673389704,
        "narHash": "sha256-eJt+oXTDFYdZxToOW+rNQiKYHbIDmAT+ezkSycuw8VU=",
        "owner": "calbrecht",
        "repo": "f4s-nodejs",
        "rev": "890fc3abccb170208b6218a105644f58a32e83c2",
        "type": "github"
      },
      "original": {
        "dir": "pkgs",
        "owner": "calbrecht",
        "repo": "f4s-nodejs",
        "type": "github"
      }
    },
    "rnix-lsp": {
      "inputs": {
        "naersk": "naersk",
        "nixpkgs": [
          "emacs",
          "nixpkgs"
        ],
        "utils": "utils"
      },
      "locked": {
        "lastModified": 1658963292,
        "narHash": "sha256-4OIpATLdPQvryyhRQPELeqNYC0n6PCyjD6LCPdwOztc=",
        "owner": "nix-community",
        "repo": "rnix-lsp",
        "rev": "ff18e04551a39ccdab0ff9c83926db3807b23478",
        "type": "github"
      },
      "original": {
        "owner": "nix-community",
        "repo": "rnix-lsp",
        "rev": "ff18e04551a39ccdab0ff9c83926db3807b23478",
        "type": "github"
      }
    },
    "root": {
      "inputs": {
        "emacs": "emacs",
        "firefox-nightly": "firefox-nightly",
        "fixups": "fixups",
        "global-cursor-theme": "global-cursor-theme",
        "nixpkgs": "nixpkgs",
        "nodejs": "nodejs",
        "rust": "rust",
        "wayland": "wayland"
      }
    },
    "rust": {
      "inputs": {
        "nixpkgs": [
          "nixpkgs"
        ],
        "nixpkgs-mozilla": "nixpkgs-mozilla"
      },
      "locked": {
        "lastModified": 1673462323,
        "narHash": "sha256-naVyfWpaRefe2uKjfG/grIJl5cBl6RxvEXwOCvaRRK8=",
        "owner": "calbrecht",
        "repo": "f4s-rust",
        "rev": "bc0416845efecb616dff2f4aef27239a5efe13bd",
        "type": "github"
      },
      "original": {
        "id": "f4s-rust",
        "type": "indirect"
      }
    },
    "utils": {
      "locked": {
        "lastModified": 1656928814,
        "narHash": "sha256-RIFfgBuKz6Hp89yRr7+NR5tzIAbn52h8vT6vXkYjZoM=",
        "owner": "numtide",
        "repo": "flake-utils",
        "rev": "7e2a3b3dfd9af950a856d66b0a7d01e3c18aa249",
        "type": "github"
      },
      "original": {
        "owner": "numtide",
        "repo": "flake-utils",
        "type": "github"
      }
    },
    "wayland": {
      "inputs": {
        "flake-compat": "flake-compat",
        "lib-aggregate": "lib-aggregate",
        "nix-eval-jobs": "nix-eval-jobs",
        "nixpkgs": [
          "nixpkgs"
        ]
      },
      "locked": {
        "lastModified": 1673438983,
        "narHash": "sha256-lXCHxLVrcCJ22NvH0YHuGDdX7dt9c8ljPlpZL4afFZY=",
        "owner": "nix-community",
        "repo": "nixpkgs-wayland",
        "rev": "0b662fed3593b6c6e8461b8639aa8e4d0c453db5",
        "type": "github"
      },
      "original": {
        "owner": "nix-community",
        "repo": "nixpkgs-wayland",
        "type": "github"
      }
    }
  },
  "root": "root",
  "version": 7
}
