{
  "nodes": {
    "cachix": {
      "locked": {
        "lastModified": 1620878828,
        "narHash": "sha256-pQ8wSfdY0SZ903bjfi3oCp+9sHSf1uf1v+hg9XrBOxE=",
        "owner": "nixos",
        "repo": "nixpkgs",
        "rev": "c85e2a478c26cfd77d1445169e51475afe9cc7cd",
        "type": "github"
      },
      "original": {
        "owner": "nixos",
        "ref": "nixos-20.09",
        "repo": "nixpkgs",
        "type": "github"
      }
    },
    "emacs": {
      "inputs": {
        "emacs-overlay": "emacs-overlay",
        "init-leafs": "init-leafs",
        "nixpkgs": [
          "nixpkgs"
        ],
        "nodejs": "nodejs",
        "rust": "rust"
      },
      "locked": {
        "lastModified": 1620947595,
        "narHash": "sha256-m2diMwmtreJmv9ldO62zsmh0Tl7HsDU2XqeRtNsLWrQ=",
        "owner": "calbrecht",
        "repo": "f4s-emacs",
        "rev": "f00b1a4ba3fa58d7734bccc951c4948dd26f259b",
        "type": "github"
      },
      "original": {
        "owner": "calbrecht",
        "repo": "f4s-emacs",
        "type": "github"
      }
    },
    "emacs-overlay": {
      "locked": {
        "lastModified": 1620927136,
        "narHash": "sha256-PUFbVKstIqwqzT7pYispDdg7gbyPEUmzYiTrCAzmROo=",
        "owner": "nix-community",
        "repo": "emacs-overlay",
        "rev": "842a4d83a9f5366abfe4c246b6100afdaf91dda0",
        "type": "github"
      },
      "original": {
        "owner": "nix-community",
        "repo": "emacs-overlay",
        "type": "github"
      }
    },
    "firefox-nightly": {
      "inputs": {
        "gecko-dev": "gecko-dev",
        "nixpkgs": [
          "nixpkgs"
        ],
        "nss": "nss"
      },
      "locked": {
        "lastModified": 1620993703,
        "narHash": "sha256-O1pU0AHh9iKMZB7G0/kwqlHWc1WNRA61YemNW//DWeY=",
        "owner": "calbrecht",
        "repo": "f4s-firefox-nightly",
        "rev": "18ffca96287b3ea285ce6de3ca977518e1d664e0",
        "type": "github"
      },
      "original": {
        "owner": "calbrecht",
        "repo": "f4s-firefox-nightly",
        "type": "github"
      }
    },
    "gecko-dev": {
      "flake": false,
      "locked": {
        "lastModified": 1620962115,
        "narHash": "sha256-tng7s/pOa+cvvW0AxjRYbfhbmueMFQgTF4cqi9NYhUU=",
        "owner": "mozilla",
        "repo": "gecko-dev",
        "rev": "c4d682be93f090e99d5f4049ceb7b6b6c03d0632",
        "type": "github"
      },
      "original": {
        "owner": "mozilla",
        "repo": "gecko-dev",
        "rev": "c4d682be93f090e99d5f4049ceb7b6b6c03d0632",
        "type": "github"
      }
    },
    "global-cursor-theme": {
      "locked": {
        "lastModified": 1610828816,
        "narHash": "sha256-IWllqk9yp+hxgQVQceSqtEKa5x4ClGOs6pUHfKgjR68=",
        "owner": "calbrecht",
        "repo": "f4s-global-cursor-theme",
        "rev": "9dc9e7144ff678f24017def5d8bb6ba2bc0d7d15",
        "type": "github"
      },
      "original": {
        "owner": "calbrecht",
        "repo": "f4s-global-cursor-theme",
        "type": "github"
      }
    },
    "init-leafs": {
      "flake": false,
      "locked": {
        "narHash": "sha256-gYnyIuxzumGTjB5LeebGO1ZOABUvZDJW4uJtE5eNftw=",
        "path": "/home/alab/.emacs.i/init-leafs.el",
        "type": "path"
      },
      "original": {
        "path": "/home/alab/.emacs.i/init-leafs.el",
        "type": "path"
      }
    },
    "nixpkgs": {
      "locked": {
        "lastModified": 1620905372,
        "narHash": "sha256-x6no9ST6FDFjz/EnaGAm1tVNV08FYBo4TlxWSJP4Exw=",
        "path": "/nix/store/8d46bcakkhgl2kp59q1ys773hz7w86qf-source",
        "rev": "82da72a8e11d529ce8bb486994a16737c3b57400",
        "type": "path"
      },
      "original": {
        "id": "nixpkgs",
        "type": "indirect"
      }
    },
    "nixpkgs-mozilla": {
      "flake": false,
      "locked": {
        "lastModified": 1603906276,
        "narHash": "sha256-RsNPnEKd7BcogwkqhaV5kI/HuNC4flH/OQCC/4W5y/8=",
        "owner": "mozilla",
        "repo": "nixpkgs-mozilla",
        "rev": "8c007b60731c07dd7a052cce508de3bb1ae849b4",
        "type": "github"
      },
      "original": {
        "owner": "mozilla",
        "repo": "nixpkgs-mozilla",
        "type": "github"
      }
    },
    "nixpkgs-mozilla_2": {
      "flake": false,
      "locked": {
        "lastModified": 1603906276,
        "narHash": "sha256-RsNPnEKd7BcogwkqhaV5kI/HuNC4flH/OQCC/4W5y/8=",
        "owner": "mozilla",
        "repo": "nixpkgs-mozilla",
        "rev": "8c007b60731c07dd7a052cce508de3bb1ae849b4",
        "type": "github"
      },
      "original": {
        "owner": "mozilla",
        "repo": "nixpkgs-mozilla",
        "type": "github"
      }
    },
    "nixpkgs_2": {
      "locked": {
        "lastModified": 1620906248,
        "narHash": "sha256-0+HAgrsaTQIfqqfZCXtrTbGX+TLX6cDOfOn/BN/Td5U=",
        "path": "/nix/store/cg10yifqv6iiin41pjfha6mnw72har5s-source",
        "rev": "0b14ea44a62b4724dc27ad70e4a6181a3d912c94",
        "type": "path"
      },
      "original": {
        "id": "nixpkgs",
        "type": "indirect"
      }
    },
    "nixpkgs_3": {
      "locked": {
        "lastModified": 1620905372,
        "narHash": "sha256-x6no9ST6FDFjz/EnaGAm1tVNV08FYBo4TlxWSJP4Exw=",
        "path": "/nix/store/8d46bcakkhgl2kp59q1ys773hz7w86qf-source",
        "rev": "82da72a8e11d529ce8bb486994a16737c3b57400",
        "type": "path"
      },
      "original": {
        "id": "nixpkgs",
        "type": "indirect"
      }
    },
    "nixpkgs_steam_fix": {
      "locked": {
        "narHash": "sha256-8na/63iGR8lqqZ5JmgPNZqCxCxrnhLFUbxnexBY6EaQ=",
        "path": "/ws/nixpkgs",
        "type": "path"
      },
      "original": {
        "path": "/ws/nixpkgs",
        "type": "path"
      }
    },
    "nodejs": {
      "inputs": {
        "nixpkgs": [
          "nixpkgs"
        ],
        "pkgs-src": "pkgs-src"
      },
      "locked": {
        "lastModified": 1620857582,
        "narHash": "sha256-vWm4FbD/NsgMo4vacOdhBQSMYHBNilt2DGiEriUgbRo=",
        "owner": "calbrecht",
        "repo": "f4s-nodejs",
        "rev": "8b29473fae5a9dc18a327347ba220c53eb560f44",
        "type": "github"
      },
      "original": {
        "owner": "calbrecht",
        "repo": "f4s-nodejs",
        "type": "github"
      }
    },
    "nodejs_2": {
      "inputs": {
        "nixpkgs": [
          "nixpkgs"
        ],
        "pkgs-src": "pkgs-src_2"
      },
      "locked": {
        "lastModified": 1620857582,
        "narHash": "sha256-vWm4FbD/NsgMo4vacOdhBQSMYHBNilt2DGiEriUgbRo=",
        "owner": "calbrecht",
        "repo": "f4s-nodejs",
        "rev": "8b29473fae5a9dc18a327347ba220c53eb560f44",
        "type": "github"
      },
      "original": {
        "owner": "calbrecht",
        "repo": "f4s-nodejs",
        "type": "github"
      }
    },
    "nss": {
      "inputs": {
        "nixpkgs": [
          "nixpkgs"
        ],
        "nss-dev": "nss-dev"
      },
      "locked": {
        "lastModified": 1620978558,
        "narHash": "sha256-kJ+Y7pfLupLiQHZSaA7Pgb8VGgw71Y7KRLIHiWf4ugk=",
        "owner": "calbrecht",
        "repo": "f4s-nss",
        "rev": "a19059b91aa0733f86b832570c8878cd42521f2f",
        "type": "github"
      },
      "original": {
        "owner": "calbrecht",
        "repo": "f4s-nss",
        "type": "github"
      }
    },
    "nss-dev": {
      "flake": false,
      "locked": {
        "lastModified": 1620286439,
        "narHash": "sha256-7vqJQJzUsmYziFMdJN3Z2LMazGIg8UNHSmrlbJg4wOI=",
        "owner": "nss-dev",
        "repo": "nss",
        "rev": "70e79341b583ff45a58bf3832d76b6c8782a969b",
        "type": "github"
      },
      "original": {
        "owner": "nss-dev",
        "repo": "nss",
        "rev": "70e79341b583ff45a58bf3832d76b6c8782a969b",
        "type": "github"
      }
    },
    "pkgs-src": {
      "flake": false,
      "locked": {
        "dir": "pkgs",
        "lastModified": 1620857567,
        "narHash": "sha256-GSZrConOj4vOK0toB/O8SoL5w4XXltOMlzccGthrl8c=",
        "owner": "calbrecht",
        "repo": "f4s-nodejs",
        "rev": "bcc6bf38d8224a99378a66cd11d740fde27eae27",
        "type": "github"
      },
      "original": {
        "dir": "pkgs",
        "owner": "calbrecht",
        "repo": "f4s-nodejs",
        "type": "github"
      }
    },
    "pkgs-src_2": {
      "flake": false,
      "locked": {
        "dir": "pkgs",
        "lastModified": 1620857567,
        "narHash": "sha256-GSZrConOj4vOK0toB/O8SoL5w4XXltOMlzccGthrl8c=",
        "owner": "calbrecht",
        "repo": "f4s-nodejs",
        "rev": "bcc6bf38d8224a99378a66cd11d740fde27eae27",
        "type": "github"
      },
      "original": {
        "dir": "pkgs",
        "owner": "calbrecht",
        "repo": "f4s-nodejs",
        "type": "github"
      }
    },
    "root": {
      "inputs": {
        "emacs": "emacs",
        "firefox-nightly": "firefox-nightly",
        "global-cursor-theme": "global-cursor-theme",
        "nixpkgs": "nixpkgs_2",
        "nixpkgs_steam_fix": "nixpkgs_steam_fix",
        "nodejs": "nodejs_2",
        "rust": "rust_2",
        "wayland": "wayland"
      }
    },
    "rust": {
      "inputs": {
        "nixpkgs": "nixpkgs",
        "nixpkgs-mozilla": "nixpkgs-mozilla"
      },
      "locked": {
        "lastModified": 1620906586,
        "narHash": "sha256-+lnGLA5IoXttF6bhBHLA+vLDMYZSp3AemnwunVEanRo=",
        "owner": "calbrecht",
        "repo": "f4s-rust",
        "rev": "dd34eaf6c8c25710af049f2108615f694b0e9fd9",
        "type": "github"
      },
      "original": {
        "owner": "calbrecht",
        "repo": "f4s-rust",
        "type": "github"
      }
    },
    "rust_2": {
      "inputs": {
        "nixpkgs": "nixpkgs_3",
        "nixpkgs-mozilla": "nixpkgs-mozilla_2"
      },
      "locked": {
        "lastModified": 1620906586,
        "narHash": "sha256-+lnGLA5IoXttF6bhBHLA+vLDMYZSp3AemnwunVEanRo=",
        "owner": "calbrecht",
        "repo": "f4s-rust",
        "rev": "dd34eaf6c8c25710af049f2108615f694b0e9fd9",
        "type": "github"
      },
      "original": {
        "owner": "calbrecht",
        "repo": "f4s-rust",
        "type": "github"
      }
    },
    "wayland": {
      "inputs": {
        "cachix": "cachix",
        "nixpkgs": [
          "nixpkgs"
        ]
      },
      "locked": {
        "lastModified": 1620968766,
        "narHash": "sha256-OsueK8KJX9b+xUvjhXXAKhiupaUvTiwnFtMw/FnApcA=",
        "owner": "colemickens",
        "repo": "nixpkgs-wayland",
        "rev": "498cedbe628306ba37400c2ce973cec94c628437",
        "type": "github"
      },
      "original": {
        "owner": "colemickens",
        "repo": "nixpkgs-wayland",
        "type": "github"
      }
    }
  },
  "root": "root",
  "version": 7
}
