{
  "nodes": {
    "cachix": {
      "locked": {
        "lastModified": 1635024461,
        "narHash": "sha256-yUU86lOsqqe/qI2pItEJGxx87cHeJiEJhDZvAXvrqfQ=",
        "owner": "nixos",
        "repo": "nixpkgs",
        "rev": "95eed9b64eee24975b880308065654fd059f22c3",
        "type": "github"
      },
      "original": {
        "owner": "nixos",
        "ref": "nixos-21.05",
        "repo": "nixpkgs",
        "type": "github"
      }
    },
    "emacs": {
      "inputs": {
        "emacs-overlay": "emacs-overlay",
        "init-leafs": "init-leafs",
        "nixpkgs": [
          "nixpkgs"
        ],
        "nodejs": "nodejs",
        "rust": "rust"
      },
      "locked": {
        "lastModified": 1635080202,
        "narHash": "sha256-MCGPHyJqeDJScdBhTHI6SHJVrUFaVBxHZZ80RP5e0CI=",
        "owner": "calbrecht",
        "repo": "f4s-emacs",
        "rev": "1917d9b12d6ff602ba6affd585702344b1ef516a",
        "type": "github"
      },
      "original": {
        "owner": "calbrecht",
        "repo": "f4s-emacs",
        "type": "github"
      }
    },
    "emacs-overlay": {
      "locked": {
        "lastModified": 1635066892,
        "narHash": "sha256-ZKJaGgwTrUXqjo2ljVyHL/AZzv0y2iirtQbVcVtXffs=",
        "owner": "nix-community",
        "repo": "emacs-overlay",
        "rev": "1ab4f5a1cbed791da8748039d88d4ada25374307",
        "type": "github"
      },
      "original": {
        "owner": "nix-community",
        "repo": "emacs-overlay",
        "type": "github"
      }
    },
    "firefox-nightly": {
      "inputs": {
        "gecko-dev": "gecko-dev",
        "nixpkgs": [
          "nixpkgs"
        ],
        "nspr-dev": "nspr-dev",
        "nss-dev": "nss-dev"
      },
      "locked": {
        "lastModified": 1635035363,
        "narHash": "sha256-Udv4dMLHgCMhv5mEW7DyWFuCdeDSNsCli1dECsUVBUY=",
        "owner": "calbrecht",
        "repo": "f4s-firefox-nightly",
        "rev": "39f7239d9a7446d1cdebe89773cd6ed87d124c47",
        "type": "github"
      },
      "original": {
        "owner": "calbrecht",
        "repo": "f4s-firefox-nightly",
        "type": "github"
      }
    },
    "gecko-dev": {
      "flake": false,
      "locked": {
        "lastModified": 1635001840,
        "narHash": "sha256-f5Jw8ryReJ2KM7mGrGhfJIcqMeOpvfvTS7cu9GCyZS8=",
        "owner": "mozilla",
        "repo": "gecko-dev",
        "rev": "8b56462cbd9ad0b642e7feebda1974abfa25f48b",
        "type": "github"
      },
      "original": {
        "owner": "mozilla",
        "repo": "gecko-dev",
        "rev": "8b56462cbd9ad0b642e7feebda1974abfa25f48b",
        "type": "github"
      }
    },
    "global-cursor-theme": {
      "locked": {
        "lastModified": 1610828816,
        "narHash": "sha256-IWllqk9yp+hxgQVQceSqtEKa5x4ClGOs6pUHfKgjR68=",
        "owner": "calbrecht",
        "repo": "f4s-global-cursor-theme",
        "rev": "9dc9e7144ff678f24017def5d8bb6ba2bc0d7d15",
        "type": "github"
      },
      "original": {
        "owner": "calbrecht",
        "repo": "f4s-global-cursor-theme",
        "type": "github"
      }
    },
    "init-leafs": {
      "flake": false,
      "locked": {
        "narHash": "sha256-oFrUv7SUuhMoO2VyCxITsdF8Ei/CyGUlDVJUjr3Ylt8=",
        "path": "/home/alab/.emacs.i/init-leafs.el",
        "type": "path"
      },
      "original": {
        "path": "/home/alab/.emacs.i/init-leafs.el",
        "type": "path"
      }
    },
    "nixpkgs": {
      "locked": {
        "lastModified": 1635074239,
        "narHash": "sha256-/oTEB1S97gGF9A1gp4GKYqTUlj5PAxWAyQFfVFP8l0Q=",
        "path": "/nix/store/qwhqy9mhax063nxh4sgpdiq7vspm9dqz-source",
        "rev": "e83a6a94fae214005e1e84551fe06e2b375ae56d",
        "type": "path"
      },
      "original": {
        "id": "nixpkgs",
        "type": "indirect"
      }
    },
    "nixpkgs-mozilla": {
      "flake": false,
      "locked": {
        "lastModified": 1634833229,
        "narHash": "sha256-uDbVCkW91/AY87mTwm8XrX2E133LTFqwYsYNNxBcY9M=",
        "owner": "mozilla",
        "repo": "nixpkgs-mozilla",
        "rev": "6070a8ee799f629cb1d0004821f77ceed94d3992",
        "type": "github"
      },
      "original": {
        "owner": "mozilla",
        "repo": "nixpkgs-mozilla",
        "type": "github"
      }
    },
    "nixpkgs-mozilla_2": {
      "flake": false,
      "locked": {
        "lastModified": 1634833229,
        "narHash": "sha256-uDbVCkW91/AY87mTwm8XrX2E133LTFqwYsYNNxBcY9M=",
        "owner": "mozilla",
        "repo": "nixpkgs-mozilla",
        "rev": "6070a8ee799f629cb1d0004821f77ceed94d3992",
        "type": "github"
      },
      "original": {
        "owner": "mozilla",
        "repo": "nixpkgs-mozilla",
        "type": "github"
      }
    },
    "nixpkgs_2": {
      "locked": {
        "lastModified": 1635074239,
        "narHash": "sha256-/oTEB1S97gGF9A1gp4GKYqTUlj5PAxWAyQFfVFP8l0Q=",
        "path": "/nix/store/qwhqy9mhax063nxh4sgpdiq7vspm9dqz-source",
        "rev": "e83a6a94fae214005e1e84551fe06e2b375ae56d",
        "type": "path"
      },
      "original": {
        "id": "nixpkgs",
        "type": "indirect"
      }
    },
    "nixpkgs_3": {
      "locked": {
        "lastModified": 1635074239,
        "narHash": "sha256-/oTEB1S97gGF9A1gp4GKYqTUlj5PAxWAyQFfVFP8l0Q=",
        "path": "/nix/store/qwhqy9mhax063nxh4sgpdiq7vspm9dqz-source",
        "rev": "e83a6a94fae214005e1e84551fe06e2b375ae56d",
        "type": "path"
      },
      "original": {
        "id": "nixpkgs",
        "type": "indirect"
      }
    },
    "nodejs": {
      "inputs": {
        "nixpkgs": [
          "emacs",
          "nixpkgs"
        ],
        "pkgs-src": "pkgs-src"
      },
      "locked": {
        "lastModified": 1634291110,
        "narHash": "sha256-jT0n0TwThiVjD1W65sNBsOiSb1GJS26iskgMnxXkQHU=",
        "owner": "calbrecht",
        "repo": "f4s-nodejs",
        "rev": "04c4ee0145a13a263298a2ee6d4390661e7bbb1b",
        "type": "github"
      },
      "original": {
        "owner": "calbrecht",
        "repo": "f4s-nodejs",
        "type": "github"
      }
    },
    "nodejs_2": {
      "inputs": {
        "nixpkgs": [
          "nixpkgs"
        ],
        "pkgs-src": "pkgs-src_2"
      },
      "locked": {
        "lastModified": 1634291110,
        "narHash": "sha256-jT0n0TwThiVjD1W65sNBsOiSb1GJS26iskgMnxXkQHU=",
        "owner": "calbrecht",
        "repo": "f4s-nodejs",
        "rev": "04c4ee0145a13a263298a2ee6d4390661e7bbb1b",
        "type": "github"
      },
      "original": {
        "owner": "calbrecht",
        "repo": "f4s-nodejs",
        "type": "github"
      }
    },
    "nspr-dev": {
      "inputs": {
        "nixpkgs": [
          "firefox-nightly",
          "nixpkgs"
        ],
        "nspr-dev-src": "nspr-dev-src"
      },
      "locked": {
        "lastModified": 1634326191,
        "narHash": "sha256-1j6rW1AKUPpBPKJP8z7gpNVdVu2cXh/K2HvAmae99zc=",
        "owner": "calbrecht",
        "repo": "f4s-nspr",
        "rev": "bc5ba0cc055b284fb6467daefffdd8556f8d6815",
        "type": "github"
      },
      "original": {
        "owner": "calbrecht",
        "repo": "f4s-nspr",
        "type": "github"
      }
    },
    "nspr-dev-src": {
      "flake": false,
      "locked": {
        "narHash": "sha256-pl+JYhaIMxFG7Lpe2yaLhihczNwZG0fU8W/Ita6ZQDg=",
        "type": "tarball",
        "url": "https://hg.mozilla.org/projects/nspr/archive/NSPR_4_32_RTM.zip"
      },
      "original": {
        "type": "tarball",
        "url": "https://hg.mozilla.org/projects/nspr/archive/NSPR_4_32_RTM.zip"
      }
    },
    "nss-dev": {
      "inputs": {
        "nixpkgs": [
          "firefox-nightly",
          "nixpkgs"
        ],
        "nss-dev-src": "nss-dev-src"
      },
      "locked": {
        "lastModified": 1634633367,
        "narHash": "sha256-jWwTA8FKxBljDpfRBc/ko/4hHLb/wOy/wSOqozAIH9w=",
        "owner": "calbrecht",
        "repo": "f4s-nss",
        "rev": "12cf5e631f8c1c049da26f18899b5660b3e1f902",
        "type": "github"
      },
      "original": {
        "owner": "calbrecht",
        "repo": "f4s-nss",
        "type": "github"
      }
    },
    "nss-dev-src": {
      "flake": false,
      "locked": {
        "lastModified": 1634569972,
        "narHash": "sha256-WnUslakuCWD98ftuLkICHnjQtxbl+zZjXhOXLbuxQaA=",
        "owner": "nss-dev",
        "repo": "nss",
        "rev": "cea7654c90aaed1d1e29f735ce765974c08898df",
        "type": "github"
      },
      "original": {
        "owner": "nss-dev",
        "repo": "nss",
        "rev": "cea7654c90aaed1d1e29f735ce765974c08898df",
        "type": "github"
      }
    },
    "pkgs-src": {
      "flake": false,
      "locked": {
        "dir": "pkgs",
        "lastModified": 1634288537,
        "narHash": "sha256-GXf7fsidKPwW3TX0a0S61Mwib6YN4FwgT3O+BkZl+oE=",
        "owner": "calbrecht",
        "repo": "f4s-nodejs",
        "rev": "cff7da1d7f66088174fcc5062b98e813db98fc1a",
        "type": "github"
      },
      "original": {
        "dir": "pkgs",
        "owner": "calbrecht",
        "repo": "f4s-nodejs",
        "type": "github"
      }
    },
    "pkgs-src_2": {
      "flake": false,
      "locked": {
        "dir": "pkgs",
        "lastModified": 1634288537,
        "narHash": "sha256-GXf7fsidKPwW3TX0a0S61Mwib6YN4FwgT3O+BkZl+oE=",
        "owner": "calbrecht",
        "repo": "f4s-nodejs",
        "rev": "cff7da1d7f66088174fcc5062b98e813db98fc1a",
        "type": "github"
      },
      "original": {
        "dir": "pkgs",
        "owner": "calbrecht",
        "repo": "f4s-nodejs",
        "type": "github"
      }
    },
    "root": {
      "inputs": {
        "emacs": "emacs",
        "firefox-nightly": "firefox-nightly",
        "global-cursor-theme": "global-cursor-theme",
        "nixpkgs": "nixpkgs_2",
        "nodejs": "nodejs_2",
        "rust": "rust_2",
        "wayland": "wayland"
      }
    },
    "rust": {
      "inputs": {
        "nixpkgs": "nixpkgs",
        "nixpkgs-mozilla": "nixpkgs-mozilla"
      },
      "locked": {
        "lastModified": 1635080190,
        "narHash": "sha256-ogCA98BjnDQ5s+GPQVpNcqRl96VkquzdyQIRGGIb3EQ=",
        "owner": "calbrecht",
        "repo": "f4s-rust",
        "rev": "4a08f1b5c49f4bfbc262902f671d2aa5818315e9",
        "type": "github"
      },
      "original": {
        "owner": "calbrecht",
        "repo": "f4s-rust",
        "type": "github"
      }
    },
    "rust_2": {
      "inputs": {
        "nixpkgs": "nixpkgs_3",
        "nixpkgs-mozilla": "nixpkgs-mozilla_2"
      },
      "locked": {
        "lastModified": 1635080190,
        "narHash": "sha256-ogCA98BjnDQ5s+GPQVpNcqRl96VkquzdyQIRGGIb3EQ=",
        "owner": "calbrecht",
        "repo": "f4s-rust",
        "rev": "4a08f1b5c49f4bfbc262902f671d2aa5818315e9",
        "type": "github"
      },
      "original": {
        "owner": "calbrecht",
        "repo": "f4s-rust",
        "type": "github"
      }
    },
    "wayland": {
      "inputs": {
        "cachix": "cachix",
        "nixpkgs": [
          "nixpkgs"
        ]
      },
      "locked": {
        "lastModified": 1635071257,
        "narHash": "sha256-gd6SzMNv4ipFTOjAuoPGQdNAS+biSJEFqz1l9nnMXfg=",
        "owner": "nix-community",
        "repo": "nixpkgs-wayland",
        "rev": "ed5e45d6d44866a0b01e961663f219364212b032",
        "type": "github"
      },
      "original": {
        "owner": "nix-community",
        "repo": "nixpkgs-wayland",
        "type": "github"
      }
    }
  },
  "root": "root",
  "version": 7
}
